lockfileVersion: '9.0'

settings:
  autoInstallPeers: true
  excludeLinksFromLockfile: false

importers:

  .:
    dependencies:
      jose:
        specifier: ^5.6.2
        version: 5.6.2

packages:

  jose@5.6.2:
    resolution: {integrity: sha512-F1t1/WZJ4JdmCE/XoMYw1dPOW5g8JF0xGm6Ox2fwaCAPlCzt+4Bh0EWP59iQuZNHHauDkCdjx+kCZSh5z/PGow==}

snapshots:

  jose@5.6.2: {}
